
Microsoft Visual Studio Solution File, Format Version 12.00
# Visual Studio Version 16
VisualStudioVersion = 16.0.29613.14
MinimumVisualStudioVersion = 10.0.40219.1
Project("{FAE04EC0-301F-11D3-BF4B-00C04F79EFBC}") = "DataWork", "DataWork\DataWork.csproj", "{AFBF86F8-8F44-4CE6-8011-F948042F0C11}"
EndProject
Global
	GlobalSection(SolutionConfigurationPlatforms) = preSolution
		Debug|Any CPU = Debug|Any CPU
		Release|Any CPU = Release|Any CPU
	EndGlobalSection
	GlobalSection(ProjectConfigurationPlatforms) = postSolution
		{AFBF86F8-8F44-4CE6-8011-F948042F0C11}.Debug|Any CPU.ActiveCfg = Debug|Any CPU
		{AFBF86F8-8F44-4CE6-8011-F948042F0C11}.Debug|Any CPU.Build.0 = Debug|Any CPU
		{AFBF86F8-8F44-4CE6-8011-F948042F0C11}.Release|Any CPU.ActiveCfg = Release|Any CPU
		{AFBF86F8-8F44-4CE6-8011-F948042F0C11}.Release|Any CPU.Build.0 = Release|Any CPU
	EndGlobalSection
	GlobalSection(SolutionProperties) = preSolution
		HideSolutionNode = FALSE
	EndGlobalSection
	GlobalSection(ExtensibilityGlobals) = postSolution
		SolutionGuid = {F55A8032-15BE-4564-8D50-8B727F89726A}
	EndGlobalSection
EndGlobal
